
Microsoft Visual Studio Solution File, Format Version 12.00
# Visual Studio Version 16
VisualStudioVersion = 16.0.30011.22
MinimumVisualStudioVersion = 10.0.40219.1
Project("{FAE04EC0-301F-11D3-BF4B-00C04F79EFBC}") = "category_data_analysis", "category_data_analysis.csproj", "{DA9D4ED6-D654-422F-8F70-58985D2C5B45}"
EndProject
Global
	GlobalSection(SolutionConfigurationPlatforms) = preSolution
		Debug|Any CPU = Debug|Any CPU
		Release|Any CPU = Release|Any CPU
	EndGlobalSection
	GlobalSection(ProjectConfigurationPlatforms) = postSolution
		{DA9D4ED6-D654-422F-8F70-58985D2C5B45}.Debug|Any CPU.ActiveCfg = Debug|Any CPU
		{DA9D4ED6-D654-422F-8F70-58985D2C5B45}.Debug|Any CPU.Build.0 = Debug|Any CPU
		{DA9D4ED6-D654-422F-8F70-58985D2C5B45}.Release|Any CPU.ActiveCfg = Release|Any CPU
		{DA9D4ED6-D654-422F-8F70-58985D2C5B45}.Release|Any CPU.Build.0 = Release|Any CPU
	EndGlobalSection
	GlobalSection(SolutionProperties) = preSolution
		HideSolutionNode = FALSE
	EndGlobalSection
	GlobalSection(ExtensibilityGlobals) = postSolution
		SolutionGuid = {4C073046-3A92-4B66-9975-223CCA3B7107}
	EndGlobalSection
EndGlobal
